
Microsoft Visual Studio Solution File, Format Version 12.00
# Visual Studio Version 16
VisualStudioVersion = 16.0.30717.126
MinimumVisualStudioVersion = 15.0.26124.0
Project("{2150E333-8FDC-42A3-9474-1A3956D46DE8}") = "src", "src", "{AD605D6B-4D00-43FB-89B6-81B5F49391F1}"
EndProject
Project("{2150E333-8FDC-42A3-9474-1A3956D46DE8}") = "test", "test", "{276A7700-CC1E-4AEE-AB8B-041643E7E079}"
EndProject
Project("{9A19103F-16F7-4668-BE54-9A1E7A4F7556}") = "CPA.Part1", "src\CPA.Part1\CPA.Part1.csproj", "{67F7D49E-1407-46BA-AD89-48DE6FB6031C}"
EndProject
Project("{9A19103F-16F7-4668-BE54-9A1E7A4F7556}") = "CPA.Part1.Tests", "test\CPA.Part1.Tests\CPA.Part1.Tests.csproj", "{20B6DCC5-9025-4C37-BF43-BD850A73A1B5}"
EndProject
Project("{FAE04EC0-301F-11D3-BF4B-00C04F79EFBC}") = "CPA.Part2", "src\CPA.Part2\CPA.Part2.csproj", "{975654B6-F367-495E-83CF-FEB61CED3E1A}"
EndProject
Global
	GlobalSection(SolutionConfigurationPlatforms) = preSolution
		Debug|Any CPU = Debug|Any CPU
		Debug|x64 = Debug|x64
		Debug|x86 = Debug|x86
		Release|Any CPU = Release|Any CPU
		Release|x64 = Release|x64
		Release|x86 = Release|x86
	EndGlobalSection
	GlobalSection(ProjectConfigurationPlatforms) = postSolution
		{67F7D49E-1407-46BA-AD89-48DE6FB6031C}.Debug|Any CPU.ActiveCfg = Debug|Any CPU
		{67F7D49E-1407-46BA-AD89-48DE6FB6031C}.Debug|Any CPU.Build.0 = Debug|Any CPU
		{67F7D49E-1407-46BA-AD89-48DE6FB6031C}.Debug|x64.ActiveCfg = Debug|Any CPU
		{67F7D49E-1407-46BA-AD89-48DE6FB6031C}.Debug|x64.Build.0 = Debug|Any CPU
		{67F7D49E-1407-46BA-AD89-48DE6FB6031C}.Debug|x86.ActiveCfg = Debug|Any CPU
		{67F7D49E-1407-46BA-AD89-48DE6FB6031C}.Debug|x86.Build.0 = Debug|Any CPU
		{67F7D49E-1407-46BA-AD89-48DE6FB6031C}.Release|Any CPU.ActiveCfg = Release|Any CPU
		{67F7D49E-1407-46BA-AD89-48DE6FB6031C}.Release|Any CPU.Build.0 = Release|Any CPU
		{67F7D49E-1407-46BA-AD89-48DE6FB6031C}.Release|x64.ActiveCfg = Release|Any CPU
		{67F7D49E-1407-46BA-AD89-48DE6FB6031C}.Release|x64.Build.0 = Release|Any CPU
		{67F7D49E-1407-46BA-AD89-48DE6FB6031C}.Release|x86.ActiveCfg = Release|Any CPU
		{67F7D49E-1407-46BA-AD89-48DE6FB6031C}.Release|x86.Build.0 = Release|Any CPU
		{20B6DCC5-9025-4C37-BF43-BD850A73A1B5}.Debug|Any CPU.ActiveCfg = Debug|Any CPU
		{20B6DCC5-9025-4C37-BF43-BD850A73A1B5}.Debug|Any CPU.Build.0 = Debug|Any CPU
		{20B6DCC5-9025-4C37-BF43-BD850A73A1B5}.Debug|x64.ActiveCfg = Debug|Any CPU
		{20B6DCC5-9025-4C37-BF43-BD850A73A1B5}.Debug|x64.Build.0 = Debug|Any CPU
		{20B6DCC5-9025-4C37-BF43-BD850A73A1B5}.Debug|x86.ActiveCfg = Debug|Any CPU
		{20B6DCC5-9025-4C37-BF43-BD850A73A1B5}.Debug|x86.Build.0 = Debug|Any CPU
		{20B6DCC5-9025-4C37-BF43-BD850A73A1B5}.Release|Any CPU.ActiveCfg = Release|Any CPU
		{20B6DCC5-9025-4C37-BF43-BD850A73A1B5}.Release|Any CPU.Build.0 = Release|Any CPU
		{20B6DCC5-9025-4C37-BF43-BD850A73A1B5}.Release|x64.ActiveCfg = Release|Any CPU
		{20B6DCC5-9025-4C37-BF43-BD850A73A1B5}.Release|x64.Build.0 = Release|Any CPU
		{20B6DCC5-9025-4C37-BF43-BD850A73A1B5}.Release|x86.ActiveCfg = Release|Any CPU
		{20B6DCC5-9025-4C37-BF43-BD850A73A1B5}.Release|x86.Build.0 = Release|Any CPU
		{975654B6-F367-495E-83CF-FEB61CED3E1A}.Debug|Any CPU.ActiveCfg = Debug|Any CPU
		{975654B6-F367-495E-83CF-FEB61CED3E1A}.Debug|Any CPU.Build.0 = Debug|Any CPU
		{975654B6-F367-495E-83CF-FEB61CED3E1A}.Debug|x64.ActiveCfg = Debug|Any CPU
		{975654B6-F367-495E-83CF-FEB61CED3E1A}.Debug|x64.Build.0 = Debug|Any CPU
		{975654B6-F367-495E-83CF-FEB61CED3E1A}.Debug|x86.ActiveCfg = Debug|Any CPU
		{975654B6-F367-495E-83CF-FEB61CED3E1A}.Debug|x86.Build.0 = Debug|Any CPU
		{975654B6-F367-495E-83CF-FEB61CED3E1A}.Release|Any CPU.ActiveCfg = Release|Any CPU
		{975654B6-F367-495E-83CF-FEB61CED3E1A}.Release|Any CPU.Build.0 = Release|Any CPU
		{975654B6-F367-495E-83CF-FEB61CED3E1A}.Release|x64.ActiveCfg = Release|Any CPU
		{975654B6-F367-495E-83CF-FEB61CED3E1A}.Release|x64.Build.0 = Release|Any CPU
		{975654B6-F367-495E-83CF-FEB61CED3E1A}.Release|x86.ActiveCfg = Release|Any CPU
		{975654B6-F367-495E-83CF-FEB61CED3E1A}.Release|x86.Build.0 = Release|Any CPU
	EndGlobalSection
	GlobalSection(SolutionProperties) = preSolution
		HideSolutionNode = FALSE
	EndGlobalSection
	GlobalSection(NestedProjects) = preSolution
		{67F7D49E-1407-46BA-AD89-48DE6FB6031C} = {AD605D6B-4D00-43FB-89B6-81B5F49391F1}
		{20B6DCC5-9025-4C37-BF43-BD850A73A1B5} = {276A7700-CC1E-4AEE-AB8B-041643E7E079}
		{975654B6-F367-495E-83CF-FEB61CED3E1A} = {AD605D6B-4D00-43FB-89B6-81B5F49391F1}
	EndGlobalSection
	GlobalSection(ExtensibilityGlobals) = postSolution
		SolutionGuid = {6AFF8A70-5B3B-40DF-84E5-61A6538988C7}
	EndGlobalSection
EndGlobal
